NANO_VERSION=9.1
NANO_ARCHIVE=nano-9.1.tar.xz
NANO_URL=https://ftp.gnu.org/gnu/nano/nano-9.1.tar.xz
NANO_SIGNATURE_URL=https://ftp.gnu.org/gnu/nano/nano-9.1.tar.xz.sig
NANO_SHA256=5f47764274cb7532349ce0aa20ec10f1e8e851a6e9fa3eb66812c43d196db042
NANO_UPSTREAM=https://git.savannah.gnu.org/git/nano.git
NANO_LICENSE=GPL-3.0-or-later
